// !$*UTF8*$!
{
	archiveVersion = 1;
	classes = {
	};
	objectVersion = 46;
	objects = {

/* Begin PBXBuildFile section */
		290AAF001F46E10E00984C12 /* AppDelegate.swift in Sources */ = {isa = PBXBuildFile; fileRef = 290AAEFF1F46E10E00984C12 /* AppDelegate.swift */; };
		290AAF021F46E10E00984C12 /* ViewController.swift in Sources */ = {isa = PBXBuildFile; fileRef = 290AAF011F46E10E00984C12 /* ViewController.swift */; };
		290AAF051F46E10E00984C12 /* Main.storyboard in Resources */ = {isa = PBXBuildFile; fileRef = 290AAF031F46E10E00984C12 /* Main.storyboard */; };
		290AAF081F46E10E00984C12 /* Study_Project.xcdatamodeld in Sources */ = {isa = PBXBuildFile; fileRef = 290AAF061F46E10E00984C12 /* Study_Project.xcdatamodeld */; };
		290AAF0A1F46E10E00984C12 /* Assets.xcassets in Resources */ = {isa = PBXBuildFile; fileRef = 290AAF091F46E10E00984C12 /* Assets.xcassets */; };
		290AAF0D1F46E10E00984C12 /* LaunchScreen.storyboard in Resources */ = {isa = PBXBuildFile; fileRef = 290AAF0B1F46E10E00984C12 /* LaunchScreen.storyboard */; };
		290AAF181F46E10E00984C12 /* Study_ProjectTests.swift in Sources */ = {isa = PBXBuildFile; fileRef = 290AAF171F46E10E00984C12 /* Study_ProjectTests.swift */; };
/* End PBXBuildFile section */

/* Begin PBXContainerItemProxy section */
		290AAF141F46E10E00984C12 /* PBXContainerItemProxy */ = {
			isa = PBXContainerItemProxy;
			containerPortal = 290AAEF41F46E10E00984C12 /* Project object */;
			proxyType = 1;
			remoteGlobalIDString = 290AAEFB1F46E10E00984C12;
			remoteInfo = "Study Project";
		};
/* End PBXContainerItemProxy section */

/* Begin PBXFileReference section */
		290AAEFC1F46E10E00984C12 /* Study Project.app */ = {isa = PBXFileReference; explicitFileType = wrapper.application; includeInIndex = 0; path = "Study Project.app"; sourceTree = BUILT_PRODUCTS_DIR; };
		290AAEFF1F46E10E00984C12 /* AppDelegate.swift */ = {isa = PBXFileReference; lastKnownFileType = sourcecode.swift; path = AppDelegate.swift; sourceTree = "<group>"; };
		290AAF011F46E10E00984C12 /* ViewController.swift */ = {isa = PBXFileReference; lastKnownFileType = sourcecode.swift; path = ViewController.swift; sourceTree = "<group>"; };
		290AAF041F46E10E00984C12 /* Base */ = {isa = PBXFileReference; lastKnownFileType = file.storyboard; name = Base; path = Base.lproj/Main.storyboard; sourceTree = "<group>"; };
		290AAF071F46E10E00984C12 /* Study_Project.xcdatamodel */ = {isa = PBXFileReference; lastKnownFileType = wrapper.xcdatamodel; path = Study_Project.xcdatamodel; sourceTree = "<group>"; };
		290AAF091F46E10E00984C12 /* Assets.xcassets */ = {isa = PBXFileReference; lastKnownFileType = folder.assetcatalog; path = Assets.xcassets; sourceTree = "<group>"; };
		290AAF0C1F46E10E00984C12 /* Base */ = {isa = PBXFileReference; lastKnownFileType = file.storyboard; name = Base; path = Base.lproj/LaunchScreen.storyboard; sourceTree = "<group>"; };
		290AAF0E1F46E10E00984C12 /* Info.plist */ = {isa = PBXFileReference; lastKnownFileType = text.plist.xml; path = Info.plist; sourceTree = "<group>"; };
		290AAF131F46E10E00984C12 /* Study ProjectTests.xctest */ = {isa = PBXFileReference; explicitFileType = wrapper.cfbundle; includeInIndex = 0; path = "Study ProjectTests.xctest"; sourceTree = BUILT_PRODUCTS_DIR; };
		290AAF171F46E10E00984C12 /* Study_ProjectTests.swift */ = {isa = PBXFileReference; lastKnownFileType = sourcecode.swift; path = Study_ProjectTests.swift; sourceTree = "<group>"; };
		290AAF191F46E10E00984C12 /* Info.plist */ = {isa = PBXFileReference; lastKnownFileType = text.plist.xml; path = Info.plist; sourceTree = "<group>"; };
/* End PBXFileReference section */

/* Begin PBXFrameworksBuildPhase section */
		290AAEF91F46E10E00984C12 /* Frameworks */ = {
			isa = PBXFrameworksBuildPhase;
			buildActionMask = 2147483647;
			files = (
			);
			runOnlyForDeploymentPostprocessing = 0;
		};
		290AAF101F46E10E00984C12 /* Frameworks */ = {
			isa = PBXFrameworksBuildPhase;
			buildActionMask = 2147483647;
			files = (
			);
			runOnlyForDeploymentPostprocessing = 0;
		};
/* End PBXFrameworksBuildPhase section */

/* Begin PBXGroup section */
		290AAEF31F46E10D00984C12 = {
			isa = PBXGroup;
			children = (
				290AAEFE1F46E10E00984C12 /* Study Project */,
				290AAF161F46E10E00984C12 /* Study ProjectTests */,
				290AAEFD1F46E10E00984C12 /* Products */,
			);
			sourceTree = "<group>";
		};
		290AAEFD1F46E10E00984C12 /* Products */ = {
			isa = PBXGroup;
			children = (
				290AAEFC1F46E10E00984C12 /* Study Project.app */,
				290AAF131F46E10E00984C12 /* Study ProjectTests.xctest */,
			);
			name = Products;
			sourceTree = "<group>";
		};
		290AAEFE1F46E10E00984C12 /* Study Project */ = {
			isa = PBXGroup;
			children = (
				290AAEFF1F46E10E00984C12 /* AppDelegate.swift */,
				290AAF011F46E10E00984C12 /* ViewController.swift */,
				290AAF031F46E10E00984C12 /* Main.storyboard */,
				290AAF091F46E10E00984C12 /* Assets.xcassets */,
				290AAF0B1F46E10E00984C12 /* LaunchScreen.storyboard */,
				290AAF0E1F46E10E00984C12 /* Info.plist */,
				290AAF061F46E10E00984C12 /* Study_Project.xcdatamodeld */,
			);
			path = "Study Project";
			sourceTree = "<group>";
		};
		290AAF161F46E10E00984C12 /* Study ProjectTests */ = {
			isa = PBXGroup;
			children = (
				290AAF171F46E10E00984C12 /* Study_ProjectTests.swift */,
				290AAF191F46E10E00984C12 /* Info.plist */,
			);
			path = "Study ProjectTests";
			sourceTree = "<group>";
		};
/* End PBXGroup section */

/* Begin PBXNativeTarget section */
		290AAEFB1F46E10E00984C12 /* Study Project */ = {
			isa = PBXNativeTarget;
			buildConfigurationList = 290AAF1C1F46E10E00984C12 /* Build configuration list for PBXNativeTarget "Study Project" */;
			buildPhases = (
				290AAEF81F46E10E00984C12 /* Sources */,
				290AAEF91F46E10E00984C12 /* Frameworks */,
				290AAEFA1F46E10E00984C12 /* Resources */,
			);
			buildRules = (
			);
			dependencies = (
			);
			name = "Study Project";
			productName = "Study Project";
			productReference = 290AAEFC1F46E10E00984C12 /* Study Project.app */;
			productType = "com.apple.product-type.application";
		};
		290AAF121F46E10E00984C12 /* Study ProjectTests */ = {
			isa = PBXNativeTarget;
			buildConfigurationList = 290AAF1F1F46E10E00984C12 /* Build configuration list for PBXNativeTarget "Study ProjectTests" */;
			buildPhases = (
				290AAF0F1F46E10E00984C12 /* Sources */,
				290AAF101F46E10E00984C12 /* Frameworks */,
				290AAF111F46E10E00984C12 /* Resources */,
			);
			buildRules = (
			);
			dependencies = (
				290AAF151F46E10E00984C12 /* PBXTargetDependency */,
			);
			name = "Study ProjectTests";
			productName = "Study ProjectTests";
			productReference = 290AAF131F46E10E00984C12 /* Study ProjectTests.xctest */;
			productType = "com.apple.product-type.bundle.unit-test";
		};
/* End PBXNativeTarget section */

/* Begin PBXProject section */
		290AAEF41F46E10E00984C12 /* Project object */ = {
			isa = PBXProject;
			attributes = {
				LastSwiftUpdateCheck = 0830;
				LastUpgradeCheck = 0830;
				ORGANIZATIONNAME = MacLiu;
				TargetAttributes = {
					290AAEFB1F46E10E00984C12 = {
						CreatedOnToolsVersion = 8.3.3;
						ProvisioningStyle = Automatic;
					};
					290AAF121F46E10E00984C12 = {
						CreatedOnToolsVersion = 8.3.3;
						ProvisioningStyle = Automatic;
						TestTargetID = 290AAEFB1F46E10E00984C12;
					};
				};
			};
			buildConfigurationList = 290AAEF71F46E10E00984C12 /* Build configuration list for PBXProject "Study Project" */;
			compatibilityVersion = "Xcode 3.2";
			developmentRegion = English;
			hasScannedForEncodings = 0;
			knownRegions = (
				en,
				Base,
			);
			mainGroup = 290AAEF31F46E10D00984C12;
			productRefGroup = 290AAEFD1F46E10E00984C12 /* Products */;
			projectDirPath = "";
			projectRoot = "";
			targets = (
				290AAEFB1F46E10E00984C12 /* Study Project */,
				290AAF121F46E10E00984C12 /* Study ProjectTests */,
			);
		};
/* End PBXProject section */

/* Begin PBXResourcesBuildPhase section */
		290AAEFA1F46E10E00984C12 /* Resources */ = {
			isa = PBXResourcesBuildPhase;
			buildActionMask = 2147483647;
			files = (
				290AAF0D1F46E10E00984C12 /* LaunchScreen.storyboard in Resources */,
				290AAF0A1F46E10E00984C12 /* Assets.xcassets in Resources */,
				290AAF051F46E10E00984C12 /* Main.storyboard in Resources */,
			);
			runOnlyForDeploymentPostprocessing = 0;
		};
		290AAF111F46E10E00984C12 /* Resources */ = {
			isa = PBXResourcesBuildPhase;
			buildActionMask = 2147483647;
			files = (
			);
			runOnlyForDeploymentPostprocessing = 0;
		};
/* End PBXResourcesBuildPhase section */

/* Begin PBXSourcesBuildPhase section */
		290AAEF81F46E10E00984C12 /* Sources */ = {
			isa = PBXSourcesBuildPhase;
			buildActionMask = 2147483647;
			files = (
				290AAF021F46E10E00984C12 /* ViewController.swift in Sources */,
				290AAF081F46E10E00984C12 /* Study_Project.xcdatamodeld in Sources */,
				290AAF001F46E10E00984C12 /* AppDelegate.swift in Sources */,
			);
			runOnlyForDeploymentPostprocessing = 0;
		};
		290AAF0F1F46E10E00984C12 /* Sources */ = {
			isa = PBXSourcesBuildPhase;
			buildActionMask = 2147483647;
			files = (
				290AAF181F46E10E00984C12 /* Study_ProjectTests.swift in Sources */,
			);
			runOnlyForDeploymentPostprocessing = 0;
		};
/* End PBXSourcesBuildPhase section */

/* Begin PBXTargetDependency section */
		290AAF151F46E10E00984C12 /* PBXTargetDependency */ = {
			isa = PBXTargetDependency;
			target = 290AAEFB1F46E10E00984C12 /* Study Project */;
			targetProxy = 290AAF141F46E10E00984C12 /* PBXContainerItemProxy */;
		};
/* End PBXTargetDependency section */

/* Begin PBXVariantGroup section */
		290AAF031F46E10E00984C12 /* Main.storyboard */ = {
			isa = PBXVariantGroup;
			children = (
				290AAF041F46E10E00984C12 /* Base */,
			);
			name = Main.storyboard;
			sourceTree = "<group>";
		};
		290AAF0B1F46E10E00984C12 /* LaunchScreen.storyboard */ = {
			isa = PBXVariantGroup;
			children = (
				290AAF0C1F46E10E00984C12 /* Base */,
			);
			name = LaunchScreen.storyboard;
			sourceTree = "<group>";
		};
/* End PBXVariantGroup section */

/* Begin XCBuildConfiguration section */
		290AAF1A1F46E10E00984C12 /* Debug */ = {
			isa = XCBuildConfiguration;
			buildSettings = {
				ALWAYS_SEARCH_USER_PATHS = NO;
				CLANG_ANALYZER_NONNULL = YES;
				CLANG_ANALYZER_NUMBER_OBJECT_CONVERSION = YES_AGGRESSIVE;
				CLANG_CXX_LANGUAGE_STANDARD = "gnu++0x";
				CLANG_CXX_LIBRARY = "libc++";
				CLANG_ENABLE_MODULES = YES;
				CLANG_ENABLE_OBJC_ARC = YES;
				CLANG_WARN_BOOL_CONVERSION = YES;
				CLANG_WARN_CONSTANT_CONVERSION = YES;
				CLANG_WARN_DIRECT_OBJC_ISA_USAGE = YES_ERROR;
				CLANG_WARN_DOCUMENTATION_COMMENTS = YES;
				CLANG_WARN_EMPTY_BODY = YES;
				CLANG_WARN_ENUM_CONVERSION = YES;
				CLANG_WARN_INFINITE_RECURSION = YES;
				CLANG_WARN_INT_CONVERSION = YES;
				CLANG_WARN_OBJC_ROOT_CLASS = YES_ERROR;
				CLANG_WARN_SUSPICIOUS_MOVE = YES;
				CLANG_WARN_UNREACHABLE_CODE = YES;
				CLANG_WARN__DUPLICATE_METHOD_MATCH = YES;
				"CODE_SIGN_IDENTITY[sdk=iphoneos*]" = "iPhone Developer";
				COPY_PHASE_STRIP = NO;
				DEBUG_INFORMATION_FORMAT = dwarf;
				ENABLE_STRICT_OBJC_MSGSEND = YES;
				ENABLE_TESTABILITY = YES;
				GCC_C_LANGUAGE_STANDARD = gnu99;
				GCC_DYNAMIC_NO_PIC = NO;
				GCC_NO_COMMON_BLOCKS = YES;
				GCC_OPTIMIZATION_LEVEL = 0;
				GCC_PREPROCESSOR_DEFINITIONS = (
					"DEBUG=1",
					"$(inherited)",
				);
				GCC_WARN_64_TO_32_BIT_CONVERSION = YES;
				GCC_WARN_ABOUT_RETURN_TYPE = YES_ERROR;
				GCC_WARN_UNDECLARED_SELECTOR = YES;
				GCC_WARN_UNINITIALIZED_AUTOS = YES_AGGRESSIVE;
				GCC_WARN_UNUSED_FUNCTION = YES;
				GCC_WARN_UNUSED_VARIABLE = YES;
				IPHONEOS_DEPLOYMENT_TARGET = 10.3;
				MTL_ENABLE_DEBUG_INFO = YES;
				ONLY_ACTIVE_ARCH = YES;
				SDKROOT = iphoneos;
				SWIFT_ACTIVE_COMPILATION_CONDITIONS = DEBUG;
				SWIFT_OPTIMIZATION_LEVEL = "-Onone";
			};
			name = Debug;
		};
		290AAF1B1F46E10E00984C12 /* Release */ = {
			isa = XCBuildConfiguration;
			buildSettings = {
				ALWAYS_SEARCH_USER_PATHS = NO;
				CLANG_ANALYZER_NONNULL = YES;
				CLANG_ANALYZER_NUMBER_OBJECT_CONVERSION = YES_AGGRESSIVE;
				CLANG_CXX_LANGUAGE_STANDARD = "gnu++0x";
				CLANG_CXX_LIBRARY = "libc++";
				CLANG_ENABLE_MODULES = YES;
				CLANG_ENABLE_OBJC_ARC = YES;
				CLANG_WARN_BOOL_CONVERSION = YES;
				CLANG_WARN_CONSTANT_CONVERSION = YES;
				CLANG_WARN_DIRECT_OBJC_ISA_USAGE = YES_ERROR;
				CLANG_WARN_DOCUMENTATION_COMMENTS = YES;
				CLANG_WARN_EMPTY_BODY = YES;
				CLANG_WARN_ENUM_CONVERSION = YES;
				CLANG_WARN_INFINITE_RECURSION = YES;
				CLANG_WARN_INT_CONVERSION = YES;
				CLANG_WARN_OBJC_ROOT_CLASS = YES_ERROR;
				CLANG_WARN_SUSPICIOUS_MOVE = YES;
				CLANG_WARN_UNREACHABLE_CODE = YES;
				CLANG_WARN__DUPLICATE_METHOD_MATCH = YES;
				"CODE_SIGN_IDENTITY[sdk=iphoneos*]" = "iPhone Developer";
				COPY_PHASE_STRIP = NO;
				DEBUG_INFORMATION_FORMAT = "dwarf-with-dsym";
				ENABLE_NS_ASSERTIONS = NO;
				ENABLE_STRICT_OBJC_MSGSEND = YES;
				GCC_C_LANGUAGE_STANDARD = gnu99;
				GCC_NO_COMMON_BLOCKS = YES;
				GCC_WARN_64_TO_32_BIT_CONVERSION = YES;
				GCC_WARN_ABOUT_RETURN_TYPE = YES_ERROR;
				GCC_WARN_UNDECLARED_SELECTOR = YES;
				GCC_WARN_UNINITIALIZED_AUTOS = YES_AGGRESSIVE;
				GCC_WARN_UNUSED_FUNCTION = YES;
				GCC_WARN_UNUSED_VARIABLE = YES;
				IPHONEOS_DEPLOYMENT_TARGET = 10.3;
				MTL_ENABLE_DEBUG_INFO = NO;
				SDKROOT = iphoneos;
				SWIFT_OPTIMIZATION_LEVEL = "-Owholemodule";
				VALIDATE_PRODUCT = YES;
			};
			name = Release;
		};
		290AAF1D1F46E10E00984C12 /* Debug */ = {
			isa = XCBuildConfiguration;
			buildSettings = {
				ASSETCATALOG_COMPILER_APPICON_NAME = AppIcon;
				INFOPLIST_FILE = "Study Project/Info.plist";
				LD_RUNPATH_SEARCH_PATHS = "$(inherited) @executable_path/Frameworks";
				PRODUCT_BUNDLE_IDENTIFIER = "com.macliu.Study-Project";
				PRODUCT_NAME = "$(TARGET_NAME)";
				SWIFT_VERSION = 3.0;
			};
			name = Debug;
		};
		290AAF1E1F46E10E00984C12 /* Release */ = {
			isa = XCBuildConfiguration;
			buildSettings = {
				ASSETCATALOG_COMPILER_APPICON_NAME = AppIcon;
				INFOPLIST_FILE = "Study Project/Info.plist";
				LD_RUNPATH_SEARCH_PATHS = "$(inherited) @executable_path/Frameworks";
				PRODUCT_BUNDLE_IDENTIFIER = "com.macliu.Study-Project";
				PRODUCT_NAME = "$(TARGET_NAME)";
				SWIFT_VERSION = 3.0;
			};
			name = Release;
		};
		290AAF201F46E10E00984C12 /* Debug */ = {
			isa = XCBuildConfiguration;
			buildSettings = {
				ALWAYS_EMBED_SWIFT_STANDARD_LIBRARIES = YES;
				BUNDLE_LOADER = "$(TEST_HOST)";
				INFOPLIST_FILE = "Study ProjectTests/Info.plist";
				LD_RUNPATH_SEARCH_PATHS = "$(inherited) @executable_path/Frameworks @loader_path/Frameworks";
				PRODUCT_BUNDLE_IDENTIFIER = "com.macliu.Study-ProjectTests";
				PRODUCT_NAME = "$(TARGET_NAME)";
				SWIFT_VERSION = 3.0;
				TEST_HOST = "$(BUILT_PRODUCTS_DIR)/Study Project.app/Study Project";
			};
			name = Debug;
		};
		290AAF211F46E10E00984C12 /* Release */ = {
			isa = XCBuildConfiguration;
			buildSettings = {
				ALWAYS_EMBED_SWIFT_STANDARD_LIBRARIES = YES;
				BUNDLE_LOADER = "$(TEST_HOST)";
				INFOPLIST_FILE = "Study ProjectTests/Info.plist";
				LD_RUNPATH_SEARCH_PATHS = "$(inherited) @executable_path/Frameworks @loader_path/Frameworks";
				PRODUCT_BUNDLE_IDENTIFIER = "com.macliu.Study-ProjectTests";
				PRODUCT_NAME = "$(TARGET_NAME)";
				SWIFT_VERSION = 3.0;
				TEST_HOST = "$(BUILT_PRODUCTS_DIR)/Study Project.app/Study Project";
			};
			name = Release;
		};
/* End XCBuildConfiguration section */

/* Begin XCConfigurationList section */
		290AAEF71F46E10E00984C12 /* Build configuration list for PBXProject "Study Project" */ = {
			isa = XCConfigurationList;
			buildConfigurations = (
				290AAF1A1F46E10E00984C12 /* Debug */,
				290AAF1B1F46E10E00984C12 /* Release */,
			);
			defaultConfigurationIsVisible = 0;
			defaultConfigurationName = Release;
		};
		290AAF1C1F46E10E00984C12 /* Build configuration list for PBXNativeTarget "Study Project" */ = {
			isa = XCConfigurationList;
			buildConfigurations = (
				290AAF1D1F46E10E00984C12 /* Debug */,
				290AAF1E1F46E10E00984C12 /* Release */,
			);
			defaultConfigurationIsVisible = 0;
		};
		290AAF1F1F46E10E00984C12 /* Build configuration list for PBXNativeTarget "Study ProjectTests" */ = {
			isa = XCConfigurationList;
			buildConfigurations = (
				290AAF201F46E10E00984C12 /* Debug */,
				290AAF211F46E10E00984C12 /* Release */,
			);
			defaultConfigurationIsVisible = 0;
		};
/* End XCConfigurationList section */

/* Begin XCVersionGroup section */
		290AAF061F46E10E00984C12 /* Study_Project.xcdatamodeld */ = {
			isa = XCVersionGroup;
			children = (
				290AAF071F46E10E00984C12 /* Study_Project.xcdatamodel */,
			);
			currentVersion = 290AAF071F46E10E00984C12 /* Study_Project.xcdatamodel */;
			path = Study_Project.xcdatamodeld;
			sourceTree = "<group>";
			versionGroupType = wrapper.xcdatamodel;
		};
/* End XCVersionGroup section */
	};
	rootObject = 290AAEF41F46E10E00984C12 /* Project object */;
}
